
Microsoft Visual Studio Solution File, Format Version 12.00
# Visual Studio 15
VisualStudioVersion = 15.0.28307.271
MinimumVisualStudioVersion = 10.0.40219.1
Project("{8BC9CEB8-8B4A-11D0-8D11-00A0C91BC942}") = "ESP_REST_V3", "esp_rest_v3.vcxproj", "{BB121E79-7E32-485D-A8F6-745DD1F46537}"
EndProject
Project("{8BC9CEB8-8B4A-11D0-8D11-00A0C91BC942}") = "SelfCallTest", "..\SelfCallTest\SelfCallTest.vcxproj", "{C5F80730-F44F-4478-BDAE-6634EFC2CA88}"
EndProject
Project("{8BC9CEB8-8B4A-11D0-8D11-00A0C91BC942}") = "lib_less", "..\rest2\rest2.vcxproj", "{B6BC642D-5EA2-433F-AF33-065A6E83ECD4}"
EndProject
Project("{8BC9CEB8-8B4A-11D0-8D11-00A0C91BC942}") = "rest3", "..\rest3\rest3.vcxproj", "{48A22240-1238-4381-9AEF-5DA6EB8F7260}"
EndProject
Global
	GlobalSection(SolutionConfigurationPlatforms) = preSolution
		Debug|x86 = Debug|x86
		Release|x86 = Release|x86
	EndGlobalSection
	GlobalSection(ProjectConfigurationPlatforms) = postSolution
		{BB121E79-7E32-485D-A8F6-745DD1F46537}.Debug|x86.ActiveCfg = Debug|Win32
		{BB121E79-7E32-485D-A8F6-745DD1F46537}.Debug|x86.Build.0 = Debug|Win32
		{BB121E79-7E32-485D-A8F6-745DD1F46537}.Release|x86.ActiveCfg = Release|Win32
		{BB121E79-7E32-485D-A8F6-745DD1F46537}.Release|x86.Build.0 = Release|Win32
		{C5F80730-F44F-4478-BDAE-6634EFC2CA88}.Debug|x86.ActiveCfg = Debug|Win32
		{C5F80730-F44F-4478-BDAE-6634EFC2CA88}.Debug|x86.Build.0 = Debug|Win32
		{C5F80730-F44F-4478-BDAE-6634EFC2CA88}.Release|x86.ActiveCfg = Release|Win32
		{C5F80730-F44F-4478-BDAE-6634EFC2CA88}.Release|x86.Build.0 = Release|Win32
		{B6BC642D-5EA2-433F-AF33-065A6E83ECD4}.Debug|x86.ActiveCfg = Debug|Win32
		{B6BC642D-5EA2-433F-AF33-065A6E83ECD4}.Debug|x86.Build.0 = Debug|Win32
		{B6BC642D-5EA2-433F-AF33-065A6E83ECD4}.Release|x86.ActiveCfg = Release|Win32
		{B6BC642D-5EA2-433F-AF33-065A6E83ECD4}.Release|x86.Build.0 = Release|Win32
		{48A22240-1238-4381-9AEF-5DA6EB8F7260}.Debug|x86.ActiveCfg = Debug|Win32
		{48A22240-1238-4381-9AEF-5DA6EB8F7260}.Debug|x86.Build.0 = Debug|Win32
		{48A22240-1238-4381-9AEF-5DA6EB8F7260}.Release|x86.ActiveCfg = Release|Win32
		{48A22240-1238-4381-9AEF-5DA6EB8F7260}.Release|x86.Build.0 = Release|Win32
	EndGlobalSection
	GlobalSection(SolutionProperties) = preSolution
		HideSolutionNode = FALSE
	EndGlobalSection
	GlobalSection(ExtensibilityGlobals) = postSolution
		SolutionGuid = {CFA539D8-DFDB-4E20-97B9-ECC4A3154360}
	EndGlobalSection
EndGlobal
